
Microsoft Visual Studio Solution File, Format Version 12.00
# Visual Studio Version 17
VisualStudioVersion = 17.3.32811.315
MinimumVisualStudioVersion = 10.0.40219.1
Project("{FAE04EC0-301F-11D3-BF4B-00C04F79EFBC}") = "NotificationSystemProject", "NotificationSystemProject.csproj", "{6F463890-136B-4AFE-A35B-F48D29661F4A}"
EndProject
Global
	GlobalSection(SolutionConfigurationPlatforms) = preSolution
		Debug|Any CPU = Debug|Any CPU
		Release|Any CPU = Release|Any CPU
	EndGlobalSection
	GlobalSection(ProjectConfigurationPlatforms) = postSolution
		{6F463890-136B-4AFE-A35B-F48D29661F4A}.Debug|Any CPU.ActiveCfg = Debug|Any CPU
		{6F463890-136B-4AFE-A35B-F48D29661F4A}.Debug|Any CPU.Build.0 = Debug|Any CPU
		{6F463890-136B-4AFE-A35B-F48D29661F4A}.Release|Any CPU.ActiveCfg = Release|Any CPU
		{6F463890-136B-4AFE-A35B-F48D29661F4A}.Release|Any CPU.Build.0 = Release|Any CPU
	EndGlobalSection
	GlobalSection(SolutionProperties) = preSolution
		HideSolutionNode = FALSE
	EndGlobalSection
	GlobalSection(ExtensibilityGlobals) = postSolution
		SolutionGuid = {F40FDEBB-C4BF-4EF8-A247-BCACCE194318}
	EndGlobalSection
EndGlobal
